
Microsoft Visual Studio Solution File, Format Version 10.00
# Visual C# Express 2008
Project("{FAE04EC0-301F-11D3-BF4B-00C04F79EFBC}") = "AscomGuiding", "AscomGuiding\AscomGuiding.csproj", "{92CD8CC1-7A98-454A-8E96-384B3743366A}"
EndProject
Project("{FAE04EC0-301F-11D3-BF4B-00C04F79EFBC}") = "GuidingServer", "GuidingServer\GuidingServer.csproj", "{6E035942-4EDC-403A-B768-6CDE536BDD96}"
EndProject
Project("{FAE04EC0-301F-11D3-BF4B-00C04F79EFBC}") = "TestClient", "TestClient\TestClient.csproj", "{931616DF-51BD-4BE8-AFFE-984E9420B533}"
EndProject
Project("{FAE04EC0-301F-11D3-BF4B-00C04F79EFBC}") = "AscomDriver", "AscomDriver\AscomDriver.csproj", "{5F0DF5DB-EC48-4EA0-B66A-B1732267E6BB}"
EndProject
Global
	GlobalSection(SolutionConfigurationPlatforms) = preSolution
		Debug|Any CPU = Debug|Any CPU
		Release|Any CPU = Release|Any CPU
	EndGlobalSection
	GlobalSection(ProjectConfigurationPlatforms) = postSolution
		{92CD8CC1-7A98-454A-8E96-384B3743366A}.Debug|Any CPU.ActiveCfg = Debug|Any CPU
		{92CD8CC1-7A98-454A-8E96-384B3743366A}.Debug|Any CPU.Build.0 = Debug|Any CPU
		{92CD8CC1-7A98-454A-8E96-384B3743366A}.Release|Any CPU.ActiveCfg = Release|Any CPU
		{92CD8CC1-7A98-454A-8E96-384B3743366A}.Release|Any CPU.Build.0 = Release|Any CPU
		{6E035942-4EDC-403A-B768-6CDE536BDD96}.Debug|Any CPU.ActiveCfg = Debug|Any CPU
		{6E035942-4EDC-403A-B768-6CDE536BDD96}.Debug|Any CPU.Build.0 = Debug|Any CPU
		{6E035942-4EDC-403A-B768-6CDE536BDD96}.Release|Any CPU.ActiveCfg = Release|Any CPU
		{6E035942-4EDC-403A-B768-6CDE536BDD96}.Release|Any CPU.Build.0 = Release|Any CPU
		{931616DF-51BD-4BE8-AFFE-984E9420B533}.Debug|Any CPU.ActiveCfg = Debug|Any CPU
		{931616DF-51BD-4BE8-AFFE-984E9420B533}.Debug|Any CPU.Build.0 = Debug|Any CPU
		{931616DF-51BD-4BE8-AFFE-984E9420B533}.Release|Any CPU.ActiveCfg = Release|Any CPU
		{931616DF-51BD-4BE8-AFFE-984E9420B533}.Release|Any CPU.Build.0 = Release|Any CPU
		{5F0DF5DB-EC48-4EA0-B66A-B1732267E6BB}.Debug|Any CPU.ActiveCfg = Debug|Any CPU
		{5F0DF5DB-EC48-4EA0-B66A-B1732267E6BB}.Debug|Any CPU.Build.0 = Debug|Any CPU
		{5F0DF5DB-EC48-4EA0-B66A-B1732267E6BB}.Release|Any CPU.ActiveCfg = Release|Any CPU
		{5F0DF5DB-EC48-4EA0-B66A-B1732267E6BB}.Release|Any CPU.Build.0 = Release|Any CPU
	EndGlobalSection
	GlobalSection(SolutionProperties) = preSolution
		HideSolutionNode = FALSE
	EndGlobalSection
EndGlobal
